// !$*UTF8*$!
{
	archiveVersion = 1;
	classes = {
	};
	objectVersion = 55;
	objects = {

/* Begin PBXBuildFile section */
		4081E5A92748BD9C00FDC6D2 /* ImageDetailsVC.swift in Sources */ = {isa = PBXBuildFile; fileRef = 4081E5A82748BD9C00FDC6D2 /* ImageDetailsVC.swift */; };
		4081E5AB2748D07800FDC6D2 /* FullScreenVC.swift in Sources */ = {isa = PBXBuildFile; fileRef = 4081E5AA2748D07800FDC6D2 /* FullScreenVC.swift */; };
		40B2BD6927484BD3004EACAB /* AppDelegate.swift in Sources */ = {isa = PBXBuildFile; fileRef = 40B2BD6827484BD3004EACAB /* AppDelegate.swift */; };
		40B2BD6B27484BD3004EACAB /* SceneDelegate.swift in Sources */ = {isa = PBXBuildFile; fileRef = 40B2BD6A27484BD3004EACAB /* SceneDelegate.swift */; };
		40B2BD6D27484BD3004EACAB /* ViewController.swift in Sources */ = {isa = PBXBuildFile; fileRef = 40B2BD6C27484BD3004EACAB /* ViewController.swift */; };
		40B2BD7027484BD3004EACAB /* Main.storyboard in Resources */ = {isa = PBXBuildFile; fileRef = 40B2BD6E27484BD3004EACAB /* Main.storyboard */; };
		40B2BD7227484BD7004EACAB /* Assets.xcassets in Resources */ = {isa = PBXBuildFile; fileRef = 40B2BD7127484BD7004EACAB /* Assets.xcassets */; };
		40B2BD7527484BD7004EACAB /* LaunchScreen.storyboard in Resources */ = {isa = PBXBuildFile; fileRef = 40B2BD7327484BD7004EACAB /* LaunchScreen.storyboard */; };
		40B2BD7D27485164004EACAB /* PhotoFetcher.swift in Sources */ = {isa = PBXBuildFile; fileRef = 40B2BD7C27485164004EACAB /* PhotoFetcher.swift */; };
		40B2BD8327485D2C004EACAB /* GalleryCVCell.swift in Sources */ = {isa = PBXBuildFile; fileRef = 40B2BD8227485D2C004EACAB /* GalleryCVCell.swift */; };
/* End PBXBuildFile section */

/* Begin PBXFileReference section */
		4081E5A82748BD9C00FDC6D2 /* ImageDetailsVC.swift */ = {isa = PBXFileReference; lastKnownFileType = sourcecode.swift; path = ImageDetailsVC.swift; sourceTree = "<group>"; };
		4081E5AA2748D07800FDC6D2 /* FullScreenVC.swift */ = {isa = PBXFileReference; lastKnownFileType = sourcecode.swift; path = FullScreenVC.swift; sourceTree = "<group>"; };
		40B2BD6527484BD3004EACAB /* VerkadaSnaps.app */ = {isa = PBXFileReference; explicitFileType = wrapper.application; includeInIndex = 0; path = VerkadaSnaps.app; sourceTree = BUILT_PRODUCTS_DIR; };
		40B2BD6827484BD3004EACAB /* AppDelegate.swift */ = {isa = PBXFileReference; lastKnownFileType = sourcecode.swift; path = AppDelegate.swift; sourceTree = "<group>"; };
		40B2BD6A27484BD3004EACAB /* SceneDelegate.swift */ = {isa = PBXFileReference; lastKnownFileType = sourcecode.swift; path = SceneDelegate.swift; sourceTree = "<group>"; };
		40B2BD6C27484BD3004EACAB /* ViewController.swift */ = {isa = PBXFileReference; lastKnownFileType = sourcecode.swift; path = ViewController.swift; sourceTree = "<group>"; };
		40B2BD6F27484BD3004EACAB /* Base */ = {isa = PBXFileReference; lastKnownFileType = file.storyboard; name = Base; path = Base.lproj/Main.storyboard; sourceTree = "<group>"; };
		40B2BD7127484BD7004EACAB /* Assets.xcassets */ = {isa = PBXFileReference; lastKnownFileType = folder.assetcatalog; path = Assets.xcassets; sourceTree = "<group>"; };
		40B2BD7427484BD7004EACAB /* Base */ = {isa = PBXFileReference; lastKnownFileType = file.storyboard; name = Base; path = Base.lproj/LaunchScreen.storyboard; sourceTree = "<group>"; };
		40B2BD7627484BD7004EACAB /* Info.plist */ = {isa = PBXFileReference; lastKnownFileType = text.plist.xml; path = Info.plist; sourceTree = "<group>"; };
		40B2BD7C27485164004EACAB /* PhotoFetcher.swift */ = {isa = PBXFileReference; lastKnownFileType = sourcecode.swift; path = PhotoFetcher.swift; sourceTree = "<group>"; };
		40B2BD8227485D2C004EACAB /* GalleryCVCell.swift */ = {isa = PBXFileReference; lastKnownFileType = sourcecode.swift; path = GalleryCVCell.swift; sourceTree = "<group>"; };
/* End PBXFileReference section */

/* Begin PBXFrameworksBuildPhase section */
		40B2BD6227484BD3004EACAB /* Frameworks */ = {
			isa = PBXFrameworksBuildPhase;
			buildActionMask = 2147483647;
			files = (
			);
			runOnlyForDeploymentPostprocessing = 0;
		};
/* End PBXFrameworksBuildPhase section */

/* Begin PBXGroup section */
		40B2BD5C27484BD3004EACAB = {
			isa = PBXGroup;
			children = (
				40B2BD6727484BD3004EACAB /* VerkadaSnaps */,
				40B2BD6627484BD3004EACAB /* Products */,
			);
			sourceTree = "<group>";
		};
		40B2BD6627484BD3004EACAB /* Products */ = {
			isa = PBXGroup;
			children = (
				40B2BD6527484BD3004EACAB /* VerkadaSnaps.app */,
			);
			name = Products;
			sourceTree = "<group>";
		};
		40B2BD6727484BD3004EACAB /* VerkadaSnaps */ = {
			isa = PBXGroup;
			children = (
				40B2BD6827484BD3004EACAB /* AppDelegate.swift */,
				40B2BD6A27484BD3004EACAB /* SceneDelegate.swift */,
				40B2BD6C27484BD3004EACAB /* ViewController.swift */,
				40B2BD6E27484BD3004EACAB /* Main.storyboard */,
				40B2BD7127484BD7004EACAB /* Assets.xcassets */,
				40B2BD7327484BD7004EACAB /* LaunchScreen.storyboard */,
				40B2BD7627484BD7004EACAB /* Info.plist */,
				40B2BD7C27485164004EACAB /* PhotoFetcher.swift */,
				40B2BD8227485D2C004EACAB /* GalleryCVCell.swift */,
				4081E5A82748BD9C00FDC6D2 /* ImageDetailsVC.swift */,
				4081E5AA2748D07800FDC6D2 /* FullScreenVC.swift */,
			);
			path = VerkadaSnaps;
			sourceTree = "<group>";
		};
/* End PBXGroup section */

/* Begin PBXNativeTarget section */
		40B2BD6427484BD3004EACAB /* VerkadaSnaps */ = {
			isa = PBXNativeTarget;
			buildConfigurationList = 40B2BD7927484BD7004EACAB /* Build configuration list for PBXNativeTarget "VerkadaSnaps" */;
			buildPhases = (
				40B2BD6127484BD3004EACAB /* Sources */,
				40B2BD6227484BD3004EACAB /* Frameworks */,
				40B2BD6327484BD3004EACAB /* Resources */,
			);
			buildRules = (
			);
			dependencies = (
			);
			name = VerkadaSnaps;
			productName = VerkadaSnaps;
			productReference = 40B2BD6527484BD3004EACAB /* VerkadaSnaps.app */;
			productType = "com.apple.product-type.application";
		};
/* End PBXNativeTarget section */

/* Begin PBXProject section */
		40B2BD5D27484BD3004EACAB /* Project object */ = {
			isa = PBXProject;
			attributes = {
				BuildIndependentTargetsInParallel = 1;
				LastSwiftUpdateCheck = 1310;
				LastUpgradeCheck = 1310;
				TargetAttributes = {
					40B2BD6427484BD3004EACAB = {
						CreatedOnToolsVersion = 13.1;
					};
				};
			};
			buildConfigurationList = 40B2BD6027484BD3004EACAB /* Build configuration list for PBXProject "VerkadaSnaps" */;
			compatibilityVersion = "Xcode 13.0";
			developmentRegion = en;
			hasScannedForEncodings = 0;
			knownRegions = (
				en,
				Base,
			);
			mainGroup = 40B2BD5C27484BD3004EACAB;
			productRefGroup = 40B2BD6627484BD3004EACAB /* Products */;
			projectDirPath = "";
			projectRoot = "";
			targets = (
				40B2BD6427484BD3004EACAB /* VerkadaSnaps */,
			);
		};
/* End PBXProject section */

/* Begin PBXResourcesBuildPhase section */
		40B2BD6327484BD3004EACAB /* Resources */ = {
			isa = PBXResourcesBuildPhase;
			buildActionMask = 2147483647;
			files = (
				40B2BD7527484BD7004EACAB /* LaunchScreen.storyboard in Resources */,
				40B2BD7227484BD7004EACAB /* Assets.xcassets in Resources */,
				40B2BD7027484BD3004EACAB /* Main.storyboard in Resources */,
			);
			runOnlyForDeploymentPostprocessing = 0;
		};
/* End PBXResourcesBuildPhase section */

/* Begin PBXSourcesBuildPhase section */
		40B2BD6127484BD3004EACAB /* Sources */ = {
			isa = PBXSourcesBuildPhase;
			buildActionMask = 2147483647;
			files = (
				4081E5AB2748D07800FDC6D2 /* FullScreenVC.swift in Sources */,
				40B2BD8327485D2C004EACAB /* GalleryCVCell.swift in Sources */,
				40B2BD7D27485164004EACAB /* PhotoFetcher.swift in Sources */,
				40B2BD6D27484BD3004EACAB /* ViewController.swift in Sources */,
				4081E5A92748BD9C00FDC6D2 /* ImageDetailsVC.swift in Sources */,
				40B2BD6927484BD3004EACAB /* AppDelegate.swift in Sources */,
				40B2BD6B27484BD3004EACAB /* SceneDelegate.swift in Sources */,
			);
			runOnlyForDeploymentPostprocessing = 0;
		};
/* End PBXSourcesBuildPhase section */

/* Begin PBXVariantGroup section */
		40B2BD6E27484BD3004EACAB /* Main.storyboard */ = {
			isa = PBXVariantGroup;
			children = (
				40B2BD6F27484BD3004EACAB /* Base */,
			);
			name = Main.storyboard;
			sourceTree = "<group>";
		};
		40B2BD7327484BD7004EACAB /* LaunchScreen.storyboard */ = {
			isa = PBXVariantGroup;
			children = (
				40B2BD7427484BD7004EACAB /* Base */,
			);
			name = LaunchScreen.storyboard;
			sourceTree = "<group>";
		};
/* End PBXVariantGroup section */

/* Begin XCBuildConfiguration section */
		40B2BD7727484BD7004EACAB /* Debug */ = {
			isa = XCBuildConfiguration;
			buildSettings = {
				ALWAYS_SEARCH_USER_PATHS = NO;
				CLANG_ANALYZER_NONNULL = YES;
				CLANG_ANALYZER_NUMBER_OBJECT_CONVERSION = YES_AGGRESSIVE;
				CLANG_CXX_LANGUAGE_STANDARD = "gnu++17";
				CLANG_CXX_LIBRARY = "libc++";
				CLANG_ENABLE_MODULES = YES;
				CLANG_ENABLE_OBJC_ARC = YES;
				CLANG_ENABLE_OBJC_WEAK = YES;
				CLANG_WARN_BLOCK_CAPTURE_AUTORELEASING = YES;
				CLANG_WARN_BOOL_CONVERSION = YES;
				CLANG_WARN_COMMA = YES;
				CLANG_WARN_CONSTANT_CONVERSION = YES;
				CLANG_WARN_DEPRECATED_OBJC_IMPLEMENTATIONS = YES;
				CLANG_WARN_DIRECT_OBJC_ISA_USAGE = YES_ERROR;
				CLANG_WARN_DOCUMENTATION_COMMENTS = YES;
				CLANG_WARN_EMPTY_BODY = YES;
				CLANG_WARN_ENUM_CONVERSION = YES;
				CLANG_WARN_INFINITE_RECURSION = YES;
				CLANG_WARN_INT_CONVERSION = YES;
				CLANG_WARN_NON_LITERAL_NULL_CONVERSION = YES;
				CLANG_WARN_OBJC_IMPLICIT_RETAIN_SELF = YES;
				CLANG_WARN_OBJC_LITERAL_CONVERSION = YES;
				CLANG_WARN_OBJC_ROOT_CLASS = YES_ERROR;
				CLANG_WARN_QUOTED_INCLUDE_IN_FRAMEWORK_HEADER = YES;
				CLANG_WARN_RANGE_LOOP_ANALYSIS = YES;
				CLANG_WARN_STRICT_PROTOTYPES = YES;
				CLANG_WARN_SUSPICIOUS_MOVE = YES;
				CLANG_WARN_UNGUARDED_AVAILABILITY = YES_AGGRESSIVE;
				CLANG_WARN_UNREACHABLE_CODE = YES;
				CLANG_WARN__DUPLICATE_METHOD_MATCH = YES;
				COPY_PHASE_STRIP = NO;
				DEBUG_INFORMATION_FORMAT = dwarf;
				ENABLE_STRICT_OBJC_MSGSEND = YES;
				ENABLE_TESTABILITY = YES;
				GCC_C_LANGUAGE_STANDARD = gnu11;
				GCC_DYNAMIC_NO_PIC = NO;
				GCC_NO_COMMON_BLOCKS = YES;
				GCC_OPTIMIZATION_LEVEL = 0;
				GCC_PREPROCESSOR_DEFINITIONS = (
					"DEBUG=1",
					"$(inherited)",
				);
				GCC_WARN_64_TO_32_BIT_CONVERSION = YES;
				GCC_WARN_ABOUT_RETURN_TYPE = YES_ERROR;
				GCC_WARN_UNDECLARED_SELECTOR = YES;
				GCC_WARN_UNINITIALIZED_AUTOS = YES_AGGRESSIVE;
				GCC_WARN_UNUSED_FUNCTION = YES;
				GCC_WARN_UNUSED_VARIABLE = YES;
				IPHONEOS_DEPLOYMENT_TARGET = 15.0;
				MTL_ENABLE_DEBUG_INFO = INCLUDE_SOURCE;
				MTL_FAST_MATH = YES;
				ONLY_ACTIVE_ARCH = YES;
				SDKROOT = iphoneos;
				SWIFT_ACTIVE_COMPILATION_CONDITIONS = DEBUG;
				SWIFT_OPTIMIZATION_LEVEL = "-Onone";
			};
			name = Debug;
		};
		40B2BD7827484BD7004EACAB /* Release */ = {
			isa = XCBuildConfiguration;
			buildSettings = {
				ALWAYS_SEARCH_USER_PATHS = NO;
				CLANG_ANALYZER_NONNULL = YES;
				CLANG_ANALYZER_NUMBER_OBJECT_CONVERSION = YES_AGGRESSIVE;
				CLANG_CXX_LANGUAGE_STANDARD = "gnu++17";
				CLANG_CXX_LIBRARY = "libc++";
				CLANG_ENABLE_MODULES = YES;
				CLANG_ENABLE_OBJC_ARC = YES;
				CLANG_ENABLE_OBJC_WEAK = YES;
				CLANG_WARN_BLOCK_CAPTURE_AUTORELEASING = YES;
				CLANG_WARN_BOOL_CONVERSION = YES;
				CLANG_WARN_COMMA = YES;
				CLANG_WARN_CONSTANT_CONVERSION = YES;
				CLANG_WARN_DEPRECATED_OBJC_IMPLEMENTATIONS = YES;
				CLANG_WARN_DIRECT_OBJC_ISA_USAGE = YES_ERROR;
				CLANG_WARN_DOCUMENTATION_COMMENTS = YES;
				CLANG_WARN_EMPTY_BODY = YES;
				CLANG_WARN_ENUM_CONVERSION = YES;
				CLANG_WARN_INFINITE_RECURSION = YES;
				CLANG_WARN_INT_CONVERSION = YES;
				CLANG_WARN_NON_LITERAL_NULL_CONVERSION = YES;
				CLANG_WARN_OBJC_IMPLICIT_RETAIN_SELF = YES;
				CLANG_WARN_OBJC_LITERAL_CONVERSION = YES;
				CLANG_WARN_OBJC_ROOT_CLASS = YES_ERROR;
				CLANG_WARN_QUOTED_INCLUDE_IN_FRAMEWORK_HEADER = YES;
				CLANG_WARN_RANGE_LOOP_ANALYSIS = YES;
				CLANG_WARN_STRICT_PROTOTYPES = YES;
				CLANG_WARN_SUSPICIOUS_MOVE = YES;
				CLANG_WARN_UNGUARDED_AVAILABILITY = YES_AGGRESSIVE;
				CLANG_WARN_UNREACHABLE_CODE = YES;
				CLANG_WARN__DUPLICATE_METHOD_MATCH = YES;
				COPY_PHASE_STRIP = NO;
				DEBUG_INFORMATION_FORMAT = "dwarf-with-dsym";
				ENABLE_NS_ASSERTIONS = NO;
				ENABLE_STRICT_OBJC_MSGSEND = YES;
				GCC_C_LANGUAGE_STANDARD = gnu11;
				GCC_NO_COMMON_BLOCKS = YES;
				GCC_WARN_64_TO_32_BIT_CONVERSION = YES;
				GCC_WARN_ABOUT_RETURN_TYPE = YES_ERROR;
				GCC_WARN_UNDECLARED_SELECTOR = YES;
				GCC_WARN_UNINITIALIZED_AUTOS = YES_AGGRESSIVE;
				GCC_WARN_UNUSED_FUNCTION = YES;
				GCC_WARN_UNUSED_VARIABLE = YES;
				IPHONEOS_DEPLOYMENT_TARGET = 15.0;
				MTL_ENABLE_DEBUG_INFO = NO;
				MTL_FAST_MATH = YES;
				SDKROOT = iphoneos;
				SWIFT_COMPILATION_MODE = wholemodule;
				SWIFT_OPTIMIZATION_LEVEL = "-O";
				VALIDATE_PRODUCT = YES;
			};
			name = Release;
		};
		40B2BD7A27484BD7004EACAB /* Debug */ = {
			isa = XCBuildConfiguration;
			buildSettings = {
				ASSETCATALOG_COMPILER_APPICON_NAME = AppIcon;
				ASSETCATALOG_COMPILER_GLOBAL_ACCENT_COLOR_NAME = AccentColor;
				CODE_SIGN_STYLE = Automatic;
				CURRENT_PROJECT_VERSION = 1;
				DEVELOPMENT_TEAM = U64W4498FV;
				GENERATE_INFOPLIST_FILE = YES;
				INFOPLIST_FILE = VerkadaSnaps/Info.plist;
				INFOPLIST_KEY_UIApplicationSupportsIndirectInputEvents = YES;
				INFOPLIST_KEY_UILaunchStoryboardName = LaunchScreen;
				INFOPLIST_KEY_UIMainStoryboardFile = Main;
				INFOPLIST_KEY_UISupportedInterfaceOrientations_iPad = "UIInterfaceOrientationPortrait UIInterfaceOrientationPortraitUpsideDown UIInterfaceOrientationLandscapeLeft UIInterfaceOrientationLandscapeRight";
				INFOPLIST_KEY_UISupportedInterfaceOrientations_iPhone = "UIInterfaceOrientationPortrait UIInterfaceOrientationLandscapeLeft UIInterfaceOrientationLandscapeRight";
				LD_RUNPATH_SEARCH_PATHS = (
					"$(inherited)",
					"@executable_path/Frameworks",
				);
				MARKETING_VERSION = 1.0;
				PRODUCT_BUNDLE_IDENTIFIER = "AK-Industries.VerkadaSnaps";
				PRODUCT_NAME = "$(TARGET_NAME)";
				SWIFT_EMIT_LOC_STRINGS = YES;
				SWIFT_VERSION = 5.0;
				TARGETED_DEVICE_FAMILY = "1,2";
			};
			name = Debug;
		};
		40B2BD7B27484BD7004EACAB /* Release */ = {
			isa = XCBuildConfiguration;
			buildSettings = {
				ASSETCATALOG_COMPILER_APPICON_NAME = AppIcon;
				ASSETCATALOG_COMPILER_GLOBAL_ACCENT_COLOR_NAME = AccentColor;
				CODE_SIGN_STYLE = Automatic;
				CURRENT_PROJECT_VERSION = 1;
				DEVELOPMENT_TEAM = U64W4498FV;
				GENERATE_INFOPLIST_FILE = YES;
				INFOPLIST_FILE = VerkadaSnaps/Info.plist;
				INFOPLIST_KEY_UIApplicationSupportsIndirectInputEvents = YES;
				INFOPLIST_KEY_UILaunchStoryboardName = LaunchScreen;
				INFOPLIST_KEY_UIMainStoryboardFile = Main;
				INFOPLIST_KEY_UISupportedInterfaceOrientations_iPad = "UIInterfaceOrientationPortrait UIInterfaceOrientationPortraitUpsideDown UIInterfaceOrientationLandscapeLeft UIInterfaceOrientationLandscapeRight";
				INFOPLIST_KEY_UISupportedInterfaceOrientations_iPhone = "UIInterfaceOrientationPortrait UIInterfaceOrientationLandscapeLeft UIInterfaceOrientationLandscapeRight";
				LD_RUNPATH_SEARCH_PATHS = (
					"$(inherited)",
					"@executable_path/Frameworks",
				);
				MARKETING_VERSION = 1.0;
				PRODUCT_BUNDLE_IDENTIFIER = "AK-Industries.VerkadaSnaps";
				PRODUCT_NAME = "$(TARGET_NAME)";
				SWIFT_EMIT_LOC_STRINGS = YES;
				SWIFT_VERSION = 5.0;
				TARGETED_DEVICE_FAMILY = "1,2";
			};
			name = Release;
		};
/* End XCBuildConfiguration section */

/* Begin XCConfigurationList section */
		40B2BD6027484BD3004EACAB /* Build configuration list for PBXProject "VerkadaSnaps" */ = {
			isa = XCConfigurationList;
			buildConfigurations = (
				40B2BD7727484BD7004EACAB /* Debug */,
				40B2BD7827484BD7004EACAB /* Release */,
			);
			defaultConfigurationIsVisible = 0;
			defaultConfigurationName = Release;
		};
		40B2BD7927484BD7004EACAB /* Build configuration list for PBXNativeTarget "VerkadaSnaps" */ = {
			isa = XCConfigurationList;
			buildConfigurations = (
				40B2BD7A27484BD7004EACAB /* Debug */,
				40B2BD7B27484BD7004EACAB /* Release */,
			);
			defaultConfigurationIsVisible = 0;
			defaultConfigurationName = Release;
		};
/* End XCConfigurationList section */
	};
	rootObject = 40B2BD5D27484BD3004EACAB /* Project object */;
}
